
Microsoft Visual Studio Solution File, Format Version 12.00
# Visual Studio 14
VisualStudioVersion = 14.0.25420.1
MinimumVisualStudioVersion = 10.0.40219.1
Project("{FAE04EC0-301F-11D3-BF4B-00C04F79EFBC}") = "BepplerHomeCtrl.Data", "BepplerHomeCtrl.Data\BepplerHomeCtrl.Data.csproj", "{F7B27E8E-F70E-4E8B-B928-C60FDCB4E594}"
EndProject
Project("{FAE04EC0-301F-11D3-BF4B-00C04F79EFBC}") = "BepplerHomeCtrl.Dominio", "BepplerHomeCtrl.Dominio\BepplerHomeCtrl.Dominio.csproj", "{BA577C43-DBFF-4A03-BB00-CE0D3CD7FFF0}"
EndProject
Global
	GlobalSection(SolutionConfigurationPlatforms) = preSolution
		Debug|Any CPU = Debug|Any CPU
		Release|Any CPU = Release|Any CPU
	EndGlobalSection
	GlobalSection(ProjectConfigurationPlatforms) = postSolution
		{F7B27E8E-F70E-4E8B-B928-C60FDCB4E594}.Debug|Any CPU.ActiveCfg = Debug|Any CPU
		{F7B27E8E-F70E-4E8B-B928-C60FDCB4E594}.Debug|Any CPU.Build.0 = Debug|Any CPU
		{F7B27E8E-F70E-4E8B-B928-C60FDCB4E594}.Release|Any CPU.ActiveCfg = Release|Any CPU
		{F7B27E8E-F70E-4E8B-B928-C60FDCB4E594}.Release|Any CPU.Build.0 = Release|Any CPU
		{BA577C43-DBFF-4A03-BB00-CE0D3CD7FFF0}.Debug|Any CPU.ActiveCfg = Debug|Any CPU
		{BA577C43-DBFF-4A03-BB00-CE0D3CD7FFF0}.Debug|Any CPU.Build.0 = Debug|Any CPU
		{BA577C43-DBFF-4A03-BB00-CE0D3CD7FFF0}.Release|Any CPU.ActiveCfg = Release|Any CPU
		{BA577C43-DBFF-4A03-BB00-CE0D3CD7FFF0}.Release|Any CPU.Build.0 = Release|Any CPU
	EndGlobalSection
	GlobalSection(SolutionProperties) = preSolution
		HideSolutionNode = FALSE
	EndGlobalSection
EndGlobal
